
Microsoft Visual Studio Solution File, Format Version 12.00
# Visual Studio 15
VisualStudioVersion = 15.0.28307.1169
MinimumVisualStudioVersion = 10.0.40219.1
Project("{FAE04EC0-301F-11D3-BF4B-00C04F79EFBC}") = "SATProject", "SATProject\SATProject.csproj", "{51EE24F6-FCD1-4392-86A4-04ADEC7CFE09}"
EndProject
Project("{FAE04EC0-301F-11D3-BF4B-00C04F79EFBC}") = "SATProject.DATA.EF", "..\SATProject.DATA.EF\SATProject.DATA.EF.csproj", "{DCBA7A32-29F3-4BCA-A506-978832C5D8EC}"
EndProject
Global
	GlobalSection(SolutionConfigurationPlatforms) = preSolution
		Debug|Any CPU = Debug|Any CPU
		Release|Any CPU = Release|Any CPU
	EndGlobalSection
	GlobalSection(ProjectConfigurationPlatforms) = postSolution
		{51EE24F6-FCD1-4392-86A4-04ADEC7CFE09}.Debug|Any CPU.ActiveCfg = Debug|Any CPU
		{51EE24F6-FCD1-4392-86A4-04ADEC7CFE09}.Debug|Any CPU.Build.0 = Debug|Any CPU
		{51EE24F6-FCD1-4392-86A4-04ADEC7CFE09}.Release|Any CPU.ActiveCfg = Release|Any CPU
		{51EE24F6-FCD1-4392-86A4-04ADEC7CFE09}.Release|Any CPU.Build.0 = Release|Any CPU
		{DCBA7A32-29F3-4BCA-A506-978832C5D8EC}.Debug|Any CPU.ActiveCfg = Debug|Any CPU
		{DCBA7A32-29F3-4BCA-A506-978832C5D8EC}.Debug|Any CPU.Build.0 = Debug|Any CPU
		{DCBA7A32-29F3-4BCA-A506-978832C5D8EC}.Release|Any CPU.ActiveCfg = Release|Any CPU
		{DCBA7A32-29F3-4BCA-A506-978832C5D8EC}.Release|Any CPU.Build.0 = Release|Any CPU
	EndGlobalSection
	GlobalSection(SolutionProperties) = preSolution
		HideSolutionNode = FALSE
	EndGlobalSection
	GlobalSection(ExtensibilityGlobals) = postSolution
		SolutionGuid = {C98F3E77-1518-4CC9-8C15-A974B1ECF6CA}
	EndGlobalSection
EndGlobal
